
Microsoft Visual Studio Solution File, Format Version 12.00
# Visual Studio Version 17
VisualStudioVersion = 17.14.36202.13 d17.14
MinimumVisualStudioVersion = 10.0.40219.1
Project("{FAE04EC0-301F-11D3-BF4B-00C04F79EFBC}") = "FootballTeamManager", "FootballTeamManager.csproj", "{0066D9B3-0097-4CF3-9294-7F2AD3053017}"
EndProject
Global
	GlobalSection(SolutionConfigurationPlatforms) = preSolution
		Debug|Any CPU = Debug|Any CPU
		Release|Any CPU = Release|Any CPU
	EndGlobalSection
	GlobalSection(ProjectConfigurationPlatforms) = postSolution
		{0066D9B3-0097-4CF3-9294-7F2AD3053017}.Debug|Any CPU.ActiveCfg = Debug|Any CPU
		{0066D9B3-0097-4CF3-9294-7F2AD3053017}.Debug|Any CPU.Build.0 = Debug|Any CPU
		{0066D9B3-0097-4CF3-9294-7F2AD3053017}.Release|Any CPU.ActiveCfg = Release|Any CPU
		{0066D9B3-0097-4CF3-9294-7F2AD3053017}.Release|Any CPU.Build.0 = Release|Any CPU
	EndGlobalSection
	GlobalSection(SolutionProperties) = preSolution
		HideSolutionNode = FALSE
	EndGlobalSection
	GlobalSection(ExtensibilityGlobals) = postSolution
		SolutionGuid = {2DD99A09-54C7-4BDB-AEB5-B20B4B5AB6D6}
	EndGlobalSection
EndGlobal
